
Microsoft Visual Studio Solution File, Format Version 12.00
# Visual Studio 2012
Project("{FAE04EC0-301F-11D3-BF4B-00C04F79EFBC}") = "RobotWars", "RobotWars\RobotWars.csproj", "{DAF7008C-5B31-490C-8E2F-EA54305A3169}"
EndProject
Project("{FAE04EC0-301F-11D3-BF4B-00C04F79EFBC}") = "RobotWars.Tests", "RobotWars.Tests\RobotWars.Tests.csproj", "{3756CDE7-57E2-473B-8CE8-C1A86BD42B39}"
EndProject
Project("{2150E333-8FDC-42A3-9474-1A3956D46DE8}") = "Tests", "Tests", "{37AA6423-BF71-4197-9B1E-D031B8070521}"
EndProject
Project("{FAE04EC0-301F-11D3-BF4B-00C04F79EFBC}") = "RobotWars.Game", "RobotWars.Game\RobotWars.Game.csproj", "{3093DC2B-9CB6-4756-BA9D-EC60AEF322DC}"
EndProject
Global
	GlobalSection(SolutionConfigurationPlatforms) = preSolution
		Debug|Any CPU = Debug|Any CPU
		Release|Any CPU = Release|Any CPU
	EndGlobalSection
	GlobalSection(ProjectConfigurationPlatforms) = postSolution
		{DAF7008C-5B31-490C-8E2F-EA54305A3169}.Debug|Any CPU.ActiveCfg = Debug|Any CPU
		{DAF7008C-5B31-490C-8E2F-EA54305A3169}.Debug|Any CPU.Build.0 = Debug|Any CPU
		{DAF7008C-5B31-490C-8E2F-EA54305A3169}.Release|Any CPU.ActiveCfg = Release|Any CPU
		{DAF7008C-5B31-490C-8E2F-EA54305A3169}.Release|Any CPU.Build.0 = Release|Any CPU
		{3756CDE7-57E2-473B-8CE8-C1A86BD42B39}.Debug|Any CPU.ActiveCfg = Debug|Any CPU
		{3756CDE7-57E2-473B-8CE8-C1A86BD42B39}.Debug|Any CPU.Build.0 = Debug|Any CPU
		{3756CDE7-57E2-473B-8CE8-C1A86BD42B39}.Release|Any CPU.ActiveCfg = Release|Any CPU
		{3756CDE7-57E2-473B-8CE8-C1A86BD42B39}.Release|Any CPU.Build.0 = Release|Any CPU
		{3093DC2B-9CB6-4756-BA9D-EC60AEF322DC}.Debug|Any CPU.ActiveCfg = Debug|Any CPU
		{3093DC2B-9CB6-4756-BA9D-EC60AEF322DC}.Debug|Any CPU.Build.0 = Debug|Any CPU
		{3093DC2B-9CB6-4756-BA9D-EC60AEF322DC}.Release|Any CPU.ActiveCfg = Release|Any CPU
		{3093DC2B-9CB6-4756-BA9D-EC60AEF322DC}.Release|Any CPU.Build.0 = Release|Any CPU
	EndGlobalSection
	GlobalSection(SolutionProperties) = preSolution
		HideSolutionNode = FALSE
	EndGlobalSection
	GlobalSection(NestedProjects) = preSolution
		{3756CDE7-57E2-473B-8CE8-C1A86BD42B39} = {37AA6423-BF71-4197-9B1E-D031B8070521}
	EndGlobalSection
EndGlobal
